
Microsoft Visual Studio Solution File, Format Version 12.00
# Visual Studio 15
VisualStudioVersion = 15.0.28010.2003
MinimumVisualStudioVersion = 10.0.40219.1
Project("{FAE04EC0-301F-11D3-BF4B-00C04F79EFBC}") = "test0", "test0\test0.csproj", "{5F49550C-1141-4894-B916-6C125A1CC5A6}"
EndProject
Global
	GlobalSection(SolutionConfigurationPlatforms) = preSolution
		Debug|Any CPU = Debug|Any CPU
		Release|Any CPU = Release|Any CPU
	EndGlobalSection
	GlobalSection(ProjectConfigurationPlatforms) = postSolution
		{5F49550C-1141-4894-B916-6C125A1CC5A6}.Debug|Any CPU.ActiveCfg = Debug|Any CPU
		{5F49550C-1141-4894-B916-6C125A1CC5A6}.Debug|Any CPU.Build.0 = Debug|Any CPU
		{5F49550C-1141-4894-B916-6C125A1CC5A6}.Release|Any CPU.ActiveCfg = Release|Any CPU
		{5F49550C-1141-4894-B916-6C125A1CC5A6}.Release|Any CPU.Build.0 = Release|Any CPU
	EndGlobalSection
	GlobalSection(SolutionProperties) = preSolution
		HideSolutionNode = FALSE
	EndGlobalSection
	GlobalSection(ExtensibilityGlobals) = postSolution
		SolutionGuid = {8D98BE98-730C-4F4E-AEF8-6C7C90D13C71}
	EndGlobalSection
EndGlobal
